
Microsoft Visual Studio Solution File, Format Version 12.00
# Visual Studio 15
VisualStudioVersion = 15.0.27428.2037
MinimumVisualStudioVersion = 10.0.40219.1
Project("{FAE04EC0-301F-11D3-BF4B-00C04F79EFBC}") = "StartProgram", "StartProgram\StartProgram.csproj", "{E118C29E-CDF6-4408-94C4-9DED17194390}"
EndProject
Project("{FAE04EC0-301F-11D3-BF4B-00C04F79EFBC}") = "Task_1", "Task_1\Task_1.csproj", "{D27996AF-FC58-48B4-95C0-218156551FCB}"
EndProject
Project("{FAE04EC0-301F-11D3-BF4B-00C04F79EFBC}") = "Sepo", "Sepo\Sepo.csproj", "{29AB39E3-A433-4CE9-8B23-0C3338AD3B38}"
EndProject
Project("{FAE04EC0-301F-11D3-BF4B-00C04F79EFBC}") = "Task_2", "Task_2\Task_2.csproj", "{7BCC4A1D-131E-40C6-AA46-F3ECD6888BF3}"
EndProject
Project("{FAE04EC0-301F-11D3-BF4B-00C04F79EFBC}") = "Task_3", "Task_3\Task_3.csproj", "{E662F47A-7D8F-420A-982F-E9387DD989E3}"
EndProject
Global
	GlobalSection(SolutionConfigurationPlatforms) = preSolution
		Debug|Any CPU = Debug|Any CPU
		Release|Any CPU = Release|Any CPU
	EndGlobalSection
	GlobalSection(ProjectConfigurationPlatforms) = postSolution
		{E118C29E-CDF6-4408-94C4-9DED17194390}.Debug|Any CPU.ActiveCfg = Debug|Any CPU
		{E118C29E-CDF6-4408-94C4-9DED17194390}.Debug|Any CPU.Build.0 = Debug|Any CPU
		{E118C29E-CDF6-4408-94C4-9DED17194390}.Release|Any CPU.ActiveCfg = Release|Any CPU
		{E118C29E-CDF6-4408-94C4-9DED17194390}.Release|Any CPU.Build.0 = Release|Any CPU
		{D27996AF-FC58-48B4-95C0-218156551FCB}.Debug|Any CPU.ActiveCfg = Debug|Any CPU
		{D27996AF-FC58-48B4-95C0-218156551FCB}.Debug|Any CPU.Build.0 = Debug|Any CPU
		{D27996AF-FC58-48B4-95C0-218156551FCB}.Release|Any CPU.ActiveCfg = Release|Any CPU
		{D27996AF-FC58-48B4-95C0-218156551FCB}.Release|Any CPU.Build.0 = Release|Any CPU
		{29AB39E3-A433-4CE9-8B23-0C3338AD3B38}.Debug|Any CPU.ActiveCfg = Debug|Any CPU
		{29AB39E3-A433-4CE9-8B23-0C3338AD3B38}.Debug|Any CPU.Build.0 = Debug|Any CPU
		{29AB39E3-A433-4CE9-8B23-0C3338AD3B38}.Release|Any CPU.ActiveCfg = Release|Any CPU
		{29AB39E3-A433-4CE9-8B23-0C3338AD3B38}.Release|Any CPU.Build.0 = Release|Any CPU
		{7BCC4A1D-131E-40C6-AA46-F3ECD6888BF3}.Debug|Any CPU.ActiveCfg = Debug|Any CPU
		{7BCC4A1D-131E-40C6-AA46-F3ECD6888BF3}.Debug|Any CPU.Build.0 = Debug|Any CPU
		{7BCC4A1D-131E-40C6-AA46-F3ECD6888BF3}.Release|Any CPU.ActiveCfg = Release|Any CPU
		{7BCC4A1D-131E-40C6-AA46-F3ECD6888BF3}.Release|Any CPU.Build.0 = Release|Any CPU
		{E662F47A-7D8F-420A-982F-E9387DD989E3}.Debug|Any CPU.ActiveCfg = Debug|Any CPU
		{E662F47A-7D8F-420A-982F-E9387DD989E3}.Debug|Any CPU.Build.0 = Debug|Any CPU
		{E662F47A-7D8F-420A-982F-E9387DD989E3}.Release|Any CPU.ActiveCfg = Release|Any CPU
		{E662F47A-7D8F-420A-982F-E9387DD989E3}.Release|Any CPU.Build.0 = Release|Any CPU
	EndGlobalSection
	GlobalSection(SolutionProperties) = preSolution
		HideSolutionNode = FALSE
	EndGlobalSection
	GlobalSection(ExtensibilityGlobals) = postSolution
		SolutionGuid = {29C7403E-48DF-4C6A-A439-33E6B55A15C3}
	EndGlobalSection
EndGlobal
